{
  "requires": true,
  "lockfileVersion": 1,
  "dependencies": {
    "@babel/runtime": {
      "version": "7.7.7",
      "resolved": "https://registry.npm.taobao.org/@babel/runtime/download/@babel/runtime-7.7.7.tgz",
      "integrity": "sha1-GUdpyo1td5DsI2Ba+e4+QqCqec8=",
      "requires": {
        "regenerator-runtime": "^0.13.2"
      }
    },
    "context": {
      "version": "0.0.1",
      "resolved": "https://registry.npm.taobao.org/context/download/context-0.0.1.tgz",
      "integrity": "sha1-KTrnrB9sWVH3hzgpmg90E1HgaU4="
    },
    "history": {
      "version": "4.10.1",
      "resolved": "https://registry.npm.taobao.org/history/download/history-4.10.1.tgz",
      "integrity": "sha1-MzcaZeOoOyZ0NOKz87G0xYqtTPM=",
      "requires": {
        "@babel/runtime": "^7.1.2",
        "loose-envify": "^1.2.0",
        "resolve-pathname": "^3.0.0",
        "tiny-invariant": "^1.0.2",
        "tiny-warning": "^1.0.0",
        "value-equal": "^1.0.1"
      }
    },
    "js-tokens": {
      "version": "4.0.0",
      "resolved": "https://registry.npm.taobao.org/js-tokens/download/js-tokens-4.0.0.tgz",
      "integrity": "sha1-GSA/tZmR35jjoocFDUZHzerzJJk="
    },
    "loose-envify": {
      "version": "1.4.0",
      "resolved": "https://registry.npm.taobao.org/loose-envify/download/loose-envify-1.4.0.tgz",
      "integrity": "sha1-ce5R+nvkyuwaY4OffmgtgTLTDK8=",
      "requires": {
        "js-tokens": "^3.0.0 || ^4.0.0"
      }
    },
    "path-to-regexp": {
      "version": "6.1.0",
      "resolved": "https://registry.npm.taobao.org/path-to-regexp/download/path-to-regexp-6.1.0.tgz",
      "integrity": "sha1-Cxj4i3oM4L+uaiWZDJCauG9RJCc="
    },
    "regenerator-runtime": {
      "version": "0.13.3",
      "resolved": "https://registry.npm.taobao.org/regenerator-runtime/download/regenerator-runtime-0.13.3.tgz",
      "integrity": "sha1-fPanfY9cb2Drc8X8GVWyzrAea/U="
    },
    "resolve-pathname": {
      "version": "3.0.0",
      "resolved": "https://registry.npm.taobao.org/resolve-pathname/download/resolve-pathname-3.0.0.tgz",
      "integrity": "sha1-mdAiJNPPJjaJvsuzk7xWAxMCXc0="
    },
    "tiny-invariant": {
      "version": "1.0.6",
      "resolved": "https://registry.npm.taobao.org/tiny-invariant/download/tiny-invariant-1.0.6.tgz",
      "integrity": "sha1-s/mziDXjakHIQ6OwkHpaezdV3nM="
    },
    "tiny-warning": {
      "version": "1.0.3",
      "resolved": "https://registry.npm.taobao.org/tiny-warning/download/tiny-warning-1.0.3.tgz",
      "integrity": "sha1-lKMNtFPfTGQ9D9VmBg1gqHXYR1Q="
    },
    "value-equal": {
      "version": "1.0.1",
      "resolved": "https://registry.npm.taobao.org/value-equal/download/value-equal-1.0.1.tgz",
      "integrity": "sha1-Hgt5THNMXAyt4XnEN9NW2TGjTWw="
    }
  }
}
