{
  "requires": true,
  "lockfileVersion": 1,
  "dependencies": {
    "node": {
      "version": "12.11.1",
      "resolved": "http://r.cnpmjs.org/node/download/node-12.11.1.tgz",
      "integrity": "sha1-mdit6PCsO41qIZsoOcTP1BEq0k0=",
      "requires": {
        "node-bin-setup": "^1.0.0"
      }
    },
    "node-bin-setup": {
      "version": "1.0.6",
      "resolved": "http://r.cnpmjs.org/node-bin-setup/download/node-bin-setup-1.0.6.tgz",
      "integrity": "sha1-S1ybuTfs5wLXBps2ynivRoRndSg="
    }
  }
}
